# cocoon.lock — generated by `cocoon lock`; do not edit by hand.
# Records resolved plugin versions + per-arch checksums for reproducible builds.

lock_version = 1
inputs_hash = '0da2cf8a493616e1f1cbfb49be0b7c045c8d0fa1292f209f685fdedd69bdd268'

[[plugins]]
id = 'cocoon'
requested = 'latest'
version = '0.15.1'
checksum_amd64 = '66d3005217340200a10e882ebf52f432b1a68765efbaa3e91bf190aa57396ee0'
checksum_arm64 = 'feb299e7452559a13fdc59c010dad4c045bc311ff193a1c93a2c90be3d9e8029'

[[plugins]]
id = 'codex'
requested = 'latest'
version = '0.137.0'

[[plugins]]
id = 'copilot-cli'
requested = 'latest'
version = '1.0.60'
checksum_amd64 = 'bcbc762b86b3997586883a92995ee0cc1ae35fa80c1f62250b7eb15f02b1bcc3'
checksum_arm64 = '1ac48cd687b047fe2c549f3f8a440b31e8b5d8188a91dd8ba1e46500d37dc435'

[[plugins]]
id = 'docker-buildx'
requested = 'latest'
version = '0.34.1'
checksum_amd64 = 'f1332ddb9010bd0b72628266c3a906d9a6979848033df4c8d9bd2cd113bae12b'
checksum_arm64 = 'c34e32dd6ea2653d960d6c099c9f09b9077e4a37504d2d31e5066eccc3904231'

[[plugins]]
id = 'gitleaks'
requested = 'latest'
version = '8.30.1'
checksum_amd64 = '551f6fc83ea457d62a0d98237cbad105af8d557003051f41f3e7ca7b3f2470eb'
checksum_arm64 = 'e4a487ee7ccd7d3a7f7ec08657610aa3606637dab924210b3aee62570fb4b080'

[[plugins]]
id = 'just'
requested = 'latest'
version = '1.51.0'
checksum_amd64 = 'c8f085ca3e885723c341d06243fc291b5abfdc8bbe3b2c076b117de490387b59'
checksum_arm64 = 'ed7ec466b77709198fd4afed253dba0270203ba5eb1c006bee2b0139090284f5'

[[plugins]]
id = 'node'
requested = '=24.16.0'
version = '24.16.0'
checksum_amd64 = 'd804845d34eddc21dc1092b519d643ef40b1f58ec5dec5c22b1f4bd8fabde6c9'
checksum_arm64 = '524659219d6a207a7400f2bde15d19ba060ffbe0d32a8643319ad67e3bb64c78'

[[plugins]]
id = 'shellcheck'
requested = 'latest'
version = '0.11.0'

[[plugins]]
id = 'shfmt'
requested = 'latest'
version = '3.13.1'

[[plugins]]
id = 'starship'
requested = 'latest'
version = '1.25.1'
checksum_amd64 = 'c6ddd3ecb9c0071a2ad38d98cee748160066b7c4f197421268058f4a5d6f8504'
checksum_arm64 = '01517aab398959ea9ea73bdb4f032ea4dbb51dff5c8e5eb05b4a1b9b7ab872b8'

[[plugins]]
id = 'uv'
requested = 'latest'
version = '0.11.19'
